{
  "name": "3.2",
  "version": "1.0.0",
  "lockfileVersion": 1,
  "requires": true,
  "dependencies": {
    "@polina172001/ajs": {
      "version": "1.0.0",
      "resolved": "https://npm.pkg.github.com/download/@polina172001/ajs/1.0.0/b642f4e95afdf43424a426d2643eee4565117f90538c31432f64f018a083580a",
      "integrity": "sha512-UyWitO14MEy0mwma4XFOM/iwZtzNxkuDDfXzj5byh+Npgf3iZt9Tcp1+bmnPnMJWwnXO/potC1eXwSmccQaSOQ=="
    }
  }
}
